{
  "name": "nodejs-vote-by-mac",
  "version": "1.0.0",
  "lockfileVersion": 1,
  "requires": true,
  "dependencies": {
    "macfromip": {
      "version": "1.1.1",
      "resolved": "https://registry.npmjs.org/macfromip/-/macfromip-1.1.1.tgz",
      "integrity": "sha1-uy9GiBDMOm0ZFxabj4InHuMOTd0="
    }
  }
}
